{
  "name": "leaflet-vectorhats",
  "version": "1.0.1",
  "lockfileVersion": 1,
  "requires": true,
  "dependencies": {
    "leaflet": {
      "version": "1.5.1",
      "resolved": "https://registry.npmjs.org/leaflet/-/leaflet-1.5.1.tgz",
      "integrity": "sha512-ekM9KAeG99tYisNBg0IzEywAlp0hYI5XRipsqRXyRTeuU8jcuntilpp+eFf5gaE0xubc9RuSNIVtByEKwqFV0w=="
    },
    "leaflet-geometryutil": {
      "version": "0.9.1",
      "resolved": "https://registry.npmjs.org/leaflet-geometryutil/-/leaflet-geometryutil-0.9.1.tgz",
      "integrity": "sha512-DKYLzFBsEcmZSl1fXLM+Pd+7t5IHmY6Ps7XeSnWL1ngr1qxQfcVzhkJT9gxfZrmFWiL96c23xQ0aLcHocV2tVA==",
      "requires": {
        "leaflet": ">=0.7.0"
      }
    }
  }
}
